github.com/amitkgupta/go-smarthealthcards v0.0.0-20211129021500-972cdf5893f0 h1:8YUK1P5Q26d2rh6bRmiSikUtnRfS2f5hONMNqdNMc0c=
github.com/amitkgupta/go-smarthealthcards v0.0.0-20211129021500-972cdf5893f0/go.mod h1:aZ2PJw1IKlaPHzTZd2n88836ptSJih3Ou0LFObtYTUo=
github.com/skip2/go-qrcode v0.0.0-20200617195104-da1b6568686e h1:MRM5ITcdelLK2j1vwZ3Je0FKVCfqOLp5zO6trqMLYs0=
github.com/skip2/go-qrcode v0.0.0-20200617195104-da1b6568686e/go.mod h1:XV66xRDqSt+GTGFMVlhk3ULuV0y9ZmzeVGR4mloJI3M=
